
Microsoft Visual Studio Solution File, Format Version 12.00
# Visual Studio Version 17
VisualStudioVersion = 17.13.35825.156 d17.13
MinimumVisualStudioVersion = 10.0.40219.1
Project("{FAE04EC0-301F-11D3-BF4B-00C04F79EFBC}") = "5.03", "5.03\5.03.csproj", "{1A30D76B-6BAB-47BD-A26A-379C0BA22224}"
EndProject
Global
	GlobalSection(SolutionConfigurationPlatforms) = preSolution
		Debug|Any CPU = Debug|Any CPU
		Release|Any CPU = Release|Any CPU
	EndGlobalSection
	GlobalSection(ProjectConfigurationPlatforms) = postSolution
		{1A30D76B-6BAB-47BD-A26A-379C0BA22224}.Debug|Any CPU.ActiveCfg = Debug|Any CPU
		{1A30D76B-6BAB-47BD-A26A-379C0BA22224}.Debug|Any CPU.Build.0 = Debug|Any CPU
		{1A30D76B-6BAB-47BD-A26A-379C0BA22224}.Release|Any CPU.ActiveCfg = Release|Any CPU
		{1A30D76B-6BAB-47BD-A26A-379C0BA22224}.Release|Any CPU.Build.0 = Release|Any CPU
	EndGlobalSection
	GlobalSection(SolutionProperties) = preSolution
		HideSolutionNode = FALSE
	EndGlobalSection
	GlobalSection(ExtensibilityGlobals) = postSolution
		SolutionGuid = {C13341EA-6E59-4BCA-B444-5CA76AE5CBF3}
	EndGlobalSection
EndGlobal
